
Microsoft Visual Studio Solution File, Format Version 12.00
# Visual Studio 14
VisualStudioVersion = 14.0.25420.1
MinimumVisualStudioVersion = 10.0.40219.1
Project("{FAE04EC0-301F-11D3-BF4B-00C04F79EFBC}") = "EmployeeSystem", "EmployeeSystem.csproj", "{C82FEEE8-4400-47A6-B9B3-896E4D42219A}"
EndProject
Project("{FAE04EC0-301F-11D3-BF4B-00C04F79EFBC}") = "DataLayer", "DataLayer\DataLayer.csproj", "{663A10A1-3523-49A8-BC3E-3E8153F90728}"
EndProject
Project("{FAE04EC0-301F-11D3-BF4B-00C04F79EFBC}") = "Model", "Model\Model.csproj", "{270675D4-2C1B-4B98-86FA-ABE3F9B80AA8}"
EndProject
Project("{FAE04EC0-301F-11D3-BF4B-00C04F79EFBC}") = "BusinessLayer", "BusinessLayer\BusinessLayer.csproj", "{A60B18BA-5B3D-429C-A52E-FB3E4AC2093D}"
EndProject
Global
	GlobalSection(SolutionConfigurationPlatforms) = preSolution
		Debug|Any CPU = Debug|Any CPU
		Release|Any CPU = Release|Any CPU
	EndGlobalSection
	GlobalSection(ProjectConfigurationPlatforms) = postSolution
		{C82FEEE8-4400-47A6-B9B3-896E4D42219A}.Debug|Any CPU.ActiveCfg = Debug|Any CPU
		{C82FEEE8-4400-47A6-B9B3-896E4D42219A}.Debug|Any CPU.Build.0 = Debug|Any CPU
		{C82FEEE8-4400-47A6-B9B3-896E4D42219A}.Release|Any CPU.ActiveCfg = Release|Any CPU
		{C82FEEE8-4400-47A6-B9B3-896E4D42219A}.Release|Any CPU.Build.0 = Release|Any CPU
		{663A10A1-3523-49A8-BC3E-3E8153F90728}.Debug|Any CPU.ActiveCfg = Debug|Any CPU
		{663A10A1-3523-49A8-BC3E-3E8153F90728}.Debug|Any CPU.Build.0 = Debug|Any CPU
		{663A10A1-3523-49A8-BC3E-3E8153F90728}.Release|Any CPU.ActiveCfg = Release|Any CPU
		{663A10A1-3523-49A8-BC3E-3E8153F90728}.Release|Any CPU.Build.0 = Release|Any CPU
		{270675D4-2C1B-4B98-86FA-ABE3F9B80AA8}.Debug|Any CPU.ActiveCfg = Debug|Any CPU
		{270675D4-2C1B-4B98-86FA-ABE3F9B80AA8}.Debug|Any CPU.Build.0 = Debug|Any CPU
		{270675D4-2C1B-4B98-86FA-ABE3F9B80AA8}.Release|Any CPU.ActiveCfg = Release|Any CPU
		{270675D4-2C1B-4B98-86FA-ABE3F9B80AA8}.Release|Any CPU.Build.0 = Release|Any CPU
		{A60B18BA-5B3D-429C-A52E-FB3E4AC2093D}.Debug|Any CPU.ActiveCfg = Debug|Any CPU
		{A60B18BA-5B3D-429C-A52E-FB3E4AC2093D}.Debug|Any CPU.Build.0 = Debug|Any CPU
		{A60B18BA-5B3D-429C-A52E-FB3E4AC2093D}.Release|Any CPU.ActiveCfg = Release|Any CPU
		{A60B18BA-5B3D-429C-A52E-FB3E4AC2093D}.Release|Any CPU.Build.0 = Release|Any CPU
	EndGlobalSection
	GlobalSection(SolutionProperties) = preSolution
		HideSolutionNode = FALSE
	EndGlobalSection
EndGlobal
